
Microsoft Visual Studio Solution File, Format Version 12.00
# Visual Studio Version 16
VisualStudioVersion = 16.0.31019.35
MinimumVisualStudioVersion = 10.0.40219.1
Project("{FAE04EC0-301F-11D3-BF4B-00C04F79EFBC}") = "Vidly", "Vidly\Vidly.csproj", "{DCF2C28F-3121-4DC8-A046-BAF335ACCB8D}"
EndProject
Project("{FAE04EC0-301F-11D3-BF4B-00C04F79EFBC}") = "Vidly.Tests", "Vidly.Tests\Vidly.Tests.csproj", "{8DCAE81A-541B-422F-AB2C-0C5E6152BD40}"
EndProject
Global
	GlobalSection(SolutionConfigurationPlatforms) = preSolution
		Debug|Any CPU = Debug|Any CPU
		Release|Any CPU = Release|Any CPU
	EndGlobalSection
	GlobalSection(ProjectConfigurationPlatforms) = postSolution
		{DCF2C28F-3121-4DC8-A046-BAF335ACCB8D}.Debug|Any CPU.ActiveCfg = Debug|Any CPU
		{DCF2C28F-3121-4DC8-A046-BAF335ACCB8D}.Debug|Any CPU.Build.0 = Debug|Any CPU
		{DCF2C28F-3121-4DC8-A046-BAF335ACCB8D}.Release|Any CPU.ActiveCfg = Release|Any CPU
		{DCF2C28F-3121-4DC8-A046-BAF335ACCB8D}.Release|Any CPU.Build.0 = Release|Any CPU
		{8DCAE81A-541B-422F-AB2C-0C5E6152BD40}.Debug|Any CPU.ActiveCfg = Debug|Any CPU
		{8DCAE81A-541B-422F-AB2C-0C5E6152BD40}.Debug|Any CPU.Build.0 = Debug|Any CPU
		{8DCAE81A-541B-422F-AB2C-0C5E6152BD40}.Release|Any CPU.ActiveCfg = Release|Any CPU
		{8DCAE81A-541B-422F-AB2C-0C5E6152BD40}.Release|Any CPU.Build.0 = Release|Any CPU
	EndGlobalSection
	GlobalSection(SolutionProperties) = preSolution
		HideSolutionNode = FALSE
	EndGlobalSection
	GlobalSection(ExtensibilityGlobals) = postSolution
		SolutionGuid = {AF51B1CF-3CA0-458A-B2B2-CBE301736D3B}
	EndGlobalSection
EndGlobal
